
Microsoft Visual Studio Solution File, Format Version 12.00
# Visual Studio Version 17
VisualStudioVersion = 17.9.34616.47
MinimumVisualStudioVersion = 10.0.40219.1
Project("{9A19103F-16F7-4668-BE54-9A1E7A4F7556}") = "Northwind.EntityModels.Sqlite", "Northwind.EntityModels.Sqlite\Northwind.EntityModels.Sqlite.csproj", "{970B98FF-37BB-46A4-95C6-9E414E3C621F}"
EndProject
Project("{9A19103F-16F7-4668-BE54-9A1E7A4F7556}") = "Northwind.DataContext.Sqlite", "Northwind.DataContext.Sqlite\Northwind.DataContext.Sqlite.csproj", "{5B820CBC-3DB5-429D-9D47-2AD6F3569538}"
EndProject
Project("{9A19103F-16F7-4668-BE54-9A1E7A4F7556}") = "Northwind.UnitTests", "Northwind.UnitTests\Northwind.UnitTests.csproj", "{D917EA62-E15D-4401-92E3-D915209E10D3}"
EndProject
Project("{9A19103F-16F7-4668-BE54-9A1E7A4F7556}") = "Northwind.Web", "Northwind.Web\Northwind.Web.csproj", "{E309CCD0-8877-4336-A576-C575994FAC99}"
EndProject
Project("{9A19103F-16F7-4668-BE54-9A1E7A4F7556}") = "Northwind.Razor.Employees", "Northwind.Razor.Employees\Northwind.Razor.Employees.csproj", "{6E6A1BEB-1217-45D8-A41D-7AAB5A12079A}"
EndProject
Project("{9A19103F-16F7-4668-BE54-9A1E7A4F7556}") = "Northwind.WebApi", "Northwind.WebApi\Northwind.WebApi.csproj", "{FB67910F-CC6B-43C4-97F7-24BB5FE2ED4A}"
EndProject
Project("{9A19103F-16F7-4668-BE54-9A1E7A4F7556}") = "Northwind.Mvc", "Northwind.Mvc\Northwind.Mvc.csproj", "{AC0E7833-E4A4-4C98-B86D-1FBEAB7E8B9D}"
EndProject
Project("{9A19103F-16F7-4668-BE54-9A1E7A4F7556}") = "Northwind.MinimalApi", "Northwind.MinimalApi\Northwind.MinimalApi.csproj", "{8CBF1048-DD52-44A1-A484-A92356E00EA5}"
EndProject
Project("{9A19103F-16F7-4668-BE54-9A1E7A4F7556}") = "Northwind.Blazor", "Northwind.Blazor\Northwind.Blazor.csproj", "{14BAD7CF-B2F9-4113-A67B-01DD2120FE71}"
EndProject
Project("{FAE04EC0-301F-11D3-BF4B-00C04F79EFBC}") = "Northwind.Blazor.Services", "Northwind.Blazor.Services\Northwind.Blazor.Services.csproj", "{CA577079-A7D4-428D-BECF-0B61AB992A3E}"
EndProject
Global
	GlobalSection(SolutionConfigurationPlatforms) = preSolution
		Debug|Any CPU = Debug|Any CPU
		Release|Any CPU = Release|Any CPU
	EndGlobalSection
	GlobalSection(ProjectConfigurationPlatforms) = postSolution
		{970B98FF-37BB-46A4-95C6-9E414E3C621F}.Debug|Any CPU.ActiveCfg = Debug|Any CPU
		{970B98FF-37BB-46A4-95C6-9E414E3C621F}.Debug|Any CPU.Build.0 = Debug|Any CPU
		{970B98FF-37BB-46A4-95C6-9E414E3C621F}.Release|Any CPU.ActiveCfg = Release|Any CPU
		{970B98FF-37BB-46A4-95C6-9E414E3C621F}.Release|Any CPU.Build.0 = Release|Any CPU
		{5B820CBC-3DB5-429D-9D47-2AD6F3569538}.Debug|Any CPU.ActiveCfg = Debug|Any CPU
		{5B820CBC-3DB5-429D-9D47-2AD6F3569538}.Debug|Any CPU.Build.0 = Debug|Any CPU
		{5B820CBC-3DB5-429D-9D47-2AD6F3569538}.Release|Any CPU.ActiveCfg = Release|Any CPU
		{5B820CBC-3DB5-429D-9D47-2AD6F3569538}.Release|Any CPU.Build.0 = Release|Any CPU
		{D917EA62-E15D-4401-92E3-D915209E10D3}.Debug|Any CPU.ActiveCfg = Debug|Any CPU
		{D917EA62-E15D-4401-92E3-D915209E10D3}.Debug|Any CPU.Build.0 = Debug|Any CPU
		{D917EA62-E15D-4401-92E3-D915209E10D3}.Release|Any CPU.ActiveCfg = Release|Any CPU
		{D917EA62-E15D-4401-92E3-D915209E10D3}.Release|Any CPU.Build.0 = Release|Any CPU
		{E309CCD0-8877-4336-A576-C575994FAC99}.Debug|Any CPU.ActiveCfg = Debug|Any CPU
		{E309CCD0-8877-4336-A576-C575994FAC99}.Debug|Any CPU.Build.0 = Debug|Any CPU
		{E309CCD0-8877-4336-A576-C575994FAC99}.Release|Any CPU.ActiveCfg = Release|Any CPU
		{E309CCD0-8877-4336-A576-C575994FAC99}.Release|Any CPU.Build.0 = Release|Any CPU
		{6E6A1BEB-1217-45D8-A41D-7AAB5A12079A}.Debug|Any CPU.ActiveCfg = Debug|Any CPU
		{6E6A1BEB-1217-45D8-A41D-7AAB5A12079A}.Debug|Any CPU.Build.0 = Debug|Any CPU
		{6E6A1BEB-1217-45D8-A41D-7AAB5A12079A}.Release|Any CPU.ActiveCfg = Release|Any CPU
		{6E6A1BEB-1217-45D8-A41D-7AAB5A12079A}.Release|Any CPU.Build.0 = Release|Any CPU
		{FB67910F-CC6B-43C4-97F7-24BB5FE2ED4A}.Debug|Any CPU.ActiveCfg = Debug|Any CPU
		{FB67910F-CC6B-43C4-97F7-24BB5FE2ED4A}.Debug|Any CPU.Build.0 = Debug|Any CPU
		{FB67910F-CC6B-43C4-97F7-24BB5FE2ED4A}.Release|Any CPU.ActiveCfg = Release|Any CPU
		{FB67910F-CC6B-43C4-97F7-24BB5FE2ED4A}.Release|Any CPU.Build.0 = Release|Any CPU
		{AC0E7833-E4A4-4C98-B86D-1FBEAB7E8B9D}.Debug|Any CPU.ActiveCfg = Debug|Any CPU
		{AC0E7833-E4A4-4C98-B86D-1FBEAB7E8B9D}.Debug|Any CPU.Build.0 = Debug|Any CPU
		{AC0E7833-E4A4-4C98-B86D-1FBEAB7E8B9D}.Release|Any CPU.ActiveCfg = Release|Any CPU
		{AC0E7833-E4A4-4C98-B86D-1FBEAB7E8B9D}.Release|Any CPU.Build.0 = Release|Any CPU
		{8CBF1048-DD52-44A1-A484-A92356E00EA5}.Debug|Any CPU.ActiveCfg = Debug|Any CPU
		{8CBF1048-DD52-44A1-A484-A92356E00EA5}.Debug|Any CPU.Build.0 = Debug|Any CPU
		{8CBF1048-DD52-44A1-A484-A92356E00EA5}.Release|Any CPU.ActiveCfg = Release|Any CPU
		{8CBF1048-DD52-44A1-A484-A92356E00EA5}.Release|Any CPU.Build.0 = Release|Any CPU
		{14BAD7CF-B2F9-4113-A67B-01DD2120FE71}.Debug|Any CPU.ActiveCfg = Debug|Any CPU
		{14BAD7CF-B2F9-4113-A67B-01DD2120FE71}.Debug|Any CPU.Build.0 = Debug|Any CPU
		{14BAD7CF-B2F9-4113-A67B-01DD2120FE71}.Release|Any CPU.ActiveCfg = Release|Any CPU
		{14BAD7CF-B2F9-4113-A67B-01DD2120FE71}.Release|Any CPU.Build.0 = Release|Any CPU
		{CA577079-A7D4-428D-BECF-0B61AB992A3E}.Debug|Any CPU.ActiveCfg = Debug|Any CPU
		{CA577079-A7D4-428D-BECF-0B61AB992A3E}.Debug|Any CPU.Build.0 = Debug|Any CPU
		{CA577079-A7D4-428D-BECF-0B61AB992A3E}.Release|Any CPU.ActiveCfg = Release|Any CPU
		{CA577079-A7D4-428D-BECF-0B61AB992A3E}.Release|Any CPU.Build.0 = Release|Any CPU
	EndGlobalSection
	GlobalSection(SolutionProperties) = preSolution
		HideSolutionNode = FALSE
	EndGlobalSection
	GlobalSection(ExtensibilityGlobals) = postSolution
		SolutionGuid = {DE574E5C-EEC8-4E66-9BC4-97A3BC71F609}
	EndGlobalSection
EndGlobal
